// !$*UTF8*$!
{
	archiveVersion = 1;
	classes = {
	};
	objectVersion = 55;
	objects = {

/* Begin PBXBuildFile section */
		3B5398B328986CEC004FDDB3 /* MyFinanceAppApp.swift in Sources */ = {isa = PBXBuildFile; fileRef = 3B5398B228986CEC004FDDB3 /* MyFinanceAppApp.swift */; };
		3B5398B528986CEC004FDDB3 /* CustomContentView.swift in Sources */ = {isa = PBXBuildFile; fileRef = 3B5398B428986CEC004FDDB3 /* CustomContentView.swift */; };
		3B5398B728986CEF004FDDB3 /* Assets.xcassets in Resources */ = {isa = PBXBuildFile; fileRef = 3B5398B628986CEF004FDDB3 /* Assets.xcassets */; };
		3B5398BA28986CEF004FDDB3 /* Preview Assets.xcassets in Resources */ = {isa = PBXBuildFile; fileRef = 3B5398B928986CEF004FDDB3 /* Preview Assets.xcassets */; };
		3B5398BC28986CEF004FDDB3 /* Persistence.swift in Sources */ = {isa = PBXBuildFile; fileRef = 3B5398BB28986CEF004FDDB3 /* Persistence.swift */; };
		3B5398BF28986CEF004FDDB3 /* MyFinanceApp.xcdatamodeld in Sources */ = {isa = PBXBuildFile; fileRef = 3B5398BD28986CEF004FDDB3 /* MyFinanceApp.xcdatamodeld */; };
		3B5398C628986FF5004FDDB3 /* Extensions.swift in Sources */ = {isa = PBXBuildFile; fileRef = 3B5398C528986FF5004FDDB3 /* Extensions.swift */; };
		3B5398C8289870BC004FDDB3 /* ContentView.swift in Sources */ = {isa = PBXBuildFile; fileRef = 3B5398C7289870BC004FDDB3 /* ContentView.swift */; };
		3B5398CA2898728B004FDDB3 /* TransactionModel.swift in Sources */ = {isa = PBXBuildFile; fileRef = 3B5398C92898728B004FDDB3 /* TransactionModel.swift */; };
		3B5398CC2898739E004FDDB3 /* PreviewData.swift in Sources */ = {isa = PBXBuildFile; fileRef = 3B5398CB2898739E004FDDB3 /* PreviewData.swift */; };
		3B5398CE2898746D004FDDB3 /* TransactionRow.swift in Sources */ = {isa = PBXBuildFile; fileRef = 3B5398CD2898746D004FDDB3 /* TransactionRow.swift */; };
		3B5398D1289878A9004FDDB3 /* SwiftUIFontIcon in Frameworks */ = {isa = PBXBuildFile; productRef = 3B5398D0289878A9004FDDB3 /* SwiftUIFontIcon */; };
		3B5398D328987A70004FDDB3 /* TransactionListViewModel.swift in Sources */ = {isa = PBXBuildFile; fileRef = 3B5398D228987A70004FDDB3 /* TransactionListViewModel.swift */; };
		3BC3E889289C52BF007057CF /* RecentTransactionList.swift in Sources */ = {isa = PBXBuildFile; fileRef = 3BC3E888289C52BF007057CF /* RecentTransactionList.swift */; };
		3BC3E88B289C5E61007057CF /* TransactionList.swift in Sources */ = {isa = PBXBuildFile; fileRef = 3BC3E88A289C5E61007057CF /* TransactionList.swift */; };
		3BC3E8A5289C6659007057CF /* Collections in Frameworks */ = {isa = PBXBuildFile; productRef = 3BC3E8A4289C6659007057CF /* Collections */; };
		3BC3E8A7289C6659007057CF /* DequeModule in Frameworks */ = {isa = PBXBuildFile; productRef = 3BC3E8A6289C6659007057CF /* DequeModule */; };
		3BC3E8A9289C6659007057CF /* OrderedCollections in Frameworks */ = {isa = PBXBuildFile; productRef = 3BC3E8A8289C6659007057CF /* OrderedCollections */; };
/* End PBXBuildFile section */

/* Begin PBXFileReference section */
		3B5398AF28986CEC004FDDB3 /* MyFinanceApp.app */ = {isa = PBXFileReference; explicitFileType = wrapper.application; includeInIndex = 0; path = MyFinanceApp.app; sourceTree = BUILT_PRODUCTS_DIR; };
		3B5398B228986CEC004FDDB3 /* MyFinanceAppApp.swift */ = {isa = PBXFileReference; lastKnownFileType = sourcecode.swift; path = MyFinanceAppApp.swift; sourceTree = "<group>"; };
		3B5398B428986CEC004FDDB3 /* CustomContentView.swift */ = {isa = PBXFileReference; lastKnownFileType = sourcecode.swift; path = CustomContentView.swift; sourceTree = "<group>"; };
		3B5398B628986CEF004FDDB3 /* Assets.xcassets */ = {isa = PBXFileReference; lastKnownFileType = folder.assetcatalog; path = Assets.xcassets; sourceTree = "<group>"; };
		3B5398B928986CEF004FDDB3 /* Preview Assets.xcassets */ = {isa = PBXFileReference; lastKnownFileType = folder.assetcatalog; path = "Preview Assets.xcassets"; sourceTree = "<group>"; };
		3B5398BB28986CEF004FDDB3 /* Persistence.swift */ = {isa = PBXFileReference; lastKnownFileType = sourcecode.swift; path = Persistence.swift; sourceTree = "<group>"; };
		3B5398BE28986CEF004FDDB3 /* MyFinanceApp.xcdatamodel */ = {isa = PBXFileReference; lastKnownFileType = wrapper.xcdatamodel; path = MyFinanceApp.xcdatamodel; sourceTree = "<group>"; };
		3B5398C528986FF5004FDDB3 /* Extensions.swift */ = {isa = PBXFileReference; lastKnownFileType = sourcecode.swift; path = Extensions.swift; sourceTree = "<group>"; };
		3B5398C7289870BC004FDDB3 /* ContentView.swift */ = {isa = PBXFileReference; lastKnownFileType = sourcecode.swift; path = ContentView.swift; sourceTree = "<group>"; };
		3B5398C92898728B004FDDB3 /* TransactionModel.swift */ = {isa = PBXFileReference; lastKnownFileType = sourcecode.swift; path = TransactionModel.swift; sourceTree = "<group>"; };
		3B5398CB2898739E004FDDB3 /* PreviewData.swift */ = {isa = PBXFileReference; lastKnownFileType = sourcecode.swift; path = PreviewData.swift; sourceTree = "<group>"; };
		3B5398CD2898746D004FDDB3 /* TransactionRow.swift */ = {isa = PBXFileReference; lastKnownFileType = sourcecode.swift; path = TransactionRow.swift; sourceTree = "<group>"; };
		3B5398D228987A70004FDDB3 /* TransactionListViewModel.swift */ = {isa = PBXFileReference; lastKnownFileType = sourcecode.swift; path = TransactionListViewModel.swift; sourceTree = "<group>"; };
		3BC3E888289C52BF007057CF /* RecentTransactionList.swift */ = {isa = PBXFileReference; lastKnownFileType = sourcecode.swift; path = RecentTransactionList.swift; sourceTree = "<group>"; };
		3BC3E88A289C5E61007057CF /* TransactionList.swift */ = {isa = PBXFileReference; lastKnownFileType = sourcecode.swift; path = TransactionList.swift; sourceTree = "<group>"; };
/* End PBXFileReference section */

/* Begin PBXFrameworksBuildPhase section */
		3B5398AC28986CEC004FDDB3 /* Frameworks */ = {
			isa = PBXFrameworksBuildPhase;
			buildActionMask = 2147483647;
			files = (
				3BC3E8A5289C6659007057CF /* Collections in Frameworks */,
				3B5398D1289878A9004FDDB3 /* SwiftUIFontIcon in Frameworks */,
				3BC3E8A9289C6659007057CF /* OrderedCollections in Frameworks */,
				3BC3E8A7289C6659007057CF /* DequeModule in Frameworks */,
			);
			runOnlyForDeploymentPostprocessing = 0;
		};
/* End PBXFrameworksBuildPhase section */

/* Begin PBXGroup section */
		3B5398A628986CEC004FDDB3 = {
			isa = PBXGroup;
			children = (
				3B5398B128986CEC004FDDB3 /* MyFinanceApp */,
				3B5398B028986CEC004FDDB3 /* Products */,
			);
			sourceTree = "<group>";
		};
		3B5398B028986CEC004FDDB3 /* Products */ = {
			isa = PBXGroup;
			children = (
				3B5398AF28986CEC004FDDB3 /* MyFinanceApp.app */,
			);
			name = Products;
			sourceTree = "<group>";
		};
		3B5398B128986CEC004FDDB3 /* MyFinanceApp */ = {
			isa = PBXGroup;
			children = (
				3B5398B228986CEC004FDDB3 /* MyFinanceAppApp.swift */,
				3B5398B428986CEC004FDDB3 /* CustomContentView.swift */,
				3B5398B628986CEF004FDDB3 /* Assets.xcassets */,
				3B5398BB28986CEF004FDDB3 /* Persistence.swift */,
				3B5398BD28986CEF004FDDB3 /* MyFinanceApp.xcdatamodeld */,
				3B5398B828986CEF004FDDB3 /* Preview Content */,
				3B5398C528986FF5004FDDB3 /* Extensions.swift */,
				3B5398C7289870BC004FDDB3 /* ContentView.swift */,
				3BC3E888289C52BF007057CF /* RecentTransactionList.swift */,
				3BC3E88A289C5E61007057CF /* TransactionList.swift */,
				3B5398CD2898746D004FDDB3 /* TransactionRow.swift */,
				3B5398D228987A70004FDDB3 /* TransactionListViewModel.swift */,
				3B5398C92898728B004FDDB3 /* TransactionModel.swift */,
			);
			path = MyFinanceApp;
			sourceTree = "<group>";
		};
		3B5398B828986CEF004FDDB3 /* Preview Content */ = {
			isa = PBXGroup;
			children = (
				3B5398B928986CEF004FDDB3 /* Preview Assets.xcassets */,
				3B5398CB2898739E004FDDB3 /* PreviewData.swift */,
			);
			path = "Preview Content";
			sourceTree = "<group>";
		};
/* End PBXGroup section */

/* Begin PBXNativeTarget section */
		3B5398AE28986CEC004FDDB3 /* MyFinanceApp */ = {
			isa = PBXNativeTarget;
			buildConfigurationList = 3B5398C228986CEF004FDDB3 /* Build configuration list for PBXNativeTarget "MyFinanceApp" */;
			buildPhases = (
				3B5398AB28986CEC004FDDB3 /* Sources */,
				3B5398AC28986CEC004FDDB3 /* Frameworks */,
				3B5398AD28986CEC004FDDB3 /* Resources */,
			);
			buildRules = (
			);
			dependencies = (
			);
			name = MyFinanceApp;
			packageProductDependencies = (
				3B5398D0289878A9004FDDB3 /* SwiftUIFontIcon */,
				3BC3E8A4289C6659007057CF /* Collections */,
				3BC3E8A6289C6659007057CF /* DequeModule */,
				3BC3E8A8289C6659007057CF /* OrderedCollections */,
			);
			productName = MyFinanceApp;
			productReference = 3B5398AF28986CEC004FDDB3 /* MyFinanceApp.app */;
			productType = "com.apple.product-type.application";
		};
/* End PBXNativeTarget section */

/* Begin PBXProject section */
		3B5398A728986CEC004FDDB3 /* Project object */ = {
			isa = PBXProject;
			attributes = {
				BuildIndependentTargetsInParallel = 1;
				LastSwiftUpdateCheck = 1340;
				LastUpgradeCheck = 1340;
				TargetAttributes = {
					3B5398AE28986CEC004FDDB3 = {
						CreatedOnToolsVersion = 13.4.1;
					};
				};
			};
			buildConfigurationList = 3B5398AA28986CEC004FDDB3 /* Build configuration list for PBXProject "MyFinanceApp" */;
			compatibilityVersion = "Xcode 13.0";
			developmentRegion = en;
			hasScannedForEncodings = 0;
			knownRegions = (
				en,
				Base,
			);
			mainGroup = 3B5398A628986CEC004FDDB3;
			packageReferences = (
				3B5398CF289878A9004FDDB3 /* XCRemoteSwiftPackageReference "SwiftUIFontIcon" */,
				3BC3E8A3289C6659007057CF /* XCRemoteSwiftPackageReference "swift-collections" */,
			);
			productRefGroup = 3B5398B028986CEC004FDDB3 /* Products */;
			projectDirPath = "";
			projectRoot = "";
			targets = (
				3B5398AE28986CEC004FDDB3 /* MyFinanceApp */,
			);
		};
/* End PBXProject section */

/* Begin PBXResourcesBuildPhase section */
		3B5398AD28986CEC004FDDB3 /* Resources */ = {
			isa = PBXResourcesBuildPhase;
			buildActionMask = 2147483647;
			files = (
				3B5398BA28986CEF004FDDB3 /* Preview Assets.xcassets in Resources */,
				3B5398B728986CEF004FDDB3 /* Assets.xcassets in Resources */,
			);
			runOnlyForDeploymentPostprocessing = 0;
		};
/* End PBXResourcesBuildPhase section */

/* Begin PBXSourcesBuildPhase section */
		3B5398AB28986CEC004FDDB3 /* Sources */ = {
			isa = PBXSourcesBuildPhase;
			buildActionMask = 2147483647;
			files = (
				3B5398CE2898746D004FDDB3 /* TransactionRow.swift in Sources */,
				3B5398D328987A70004FDDB3 /* TransactionListViewModel.swift in Sources */,
				3B5398CC2898739E004FDDB3 /* PreviewData.swift in Sources */,
				3B5398C628986FF5004FDDB3 /* Extensions.swift in Sources */,
				3B5398BF28986CEF004FDDB3 /* MyFinanceApp.xcdatamodeld in Sources */,
				3B5398C8289870BC004FDDB3 /* ContentView.swift in Sources */,
				3B5398BC28986CEF004FDDB3 /* Persistence.swift in Sources */,
				3BC3E889289C52BF007057CF /* RecentTransactionList.swift in Sources */,
				3B5398CA2898728B004FDDB3 /* TransactionModel.swift in Sources */,
				3B5398B528986CEC004FDDB3 /* CustomContentView.swift in Sources */,
				3BC3E88B289C5E61007057CF /* TransactionList.swift in Sources */,
				3B5398B328986CEC004FDDB3 /* MyFinanceAppApp.swift in Sources */,
			);
			runOnlyForDeploymentPostprocessing = 0;
		};
/* End PBXSourcesBuildPhase section */

/* Begin XCBuildConfiguration section */
		3B5398C028986CEF004FDDB3 /* Debug */ = {
			isa = XCBuildConfiguration;
			buildSettings = {
				ALWAYS_SEARCH_USER_PATHS = NO;
				CLANG_ANALYZER_NONNULL = YES;
				CLANG_ANALYZER_NUMBER_OBJECT_CONVERSION = YES_AGGRESSIVE;
				CLANG_CXX_LANGUAGE_STANDARD = "gnu++17";
				CLANG_ENABLE_MODULES = YES;
				CLANG_ENABLE_OBJC_ARC = YES;
				CLANG_ENABLE_OBJC_WEAK = YES;
				CLANG_WARN_BLOCK_CAPTURE_AUTORELEASING = YES;
				CLANG_WARN_BOOL_CONVERSION = YES;
				CLANG_WARN_COMMA = YES;
				CLANG_WARN_CONSTANT_CONVERSION = YES;
				CLANG_WARN_DEPRECATED_OBJC_IMPLEMENTATIONS = YES;
				CLANG_WARN_DIRECT_OBJC_ISA_USAGE = YES_ERROR;
				CLANG_WARN_DOCUMENTATION_COMMENTS = YES;
				CLANG_WARN_EMPTY_BODY = YES;
				CLANG_WARN_ENUM_CONVERSION = YES;
				CLANG_WARN_INFINITE_RECURSION = YES;
				CLANG_WARN_INT_CONVERSION = YES;
				CLANG_WARN_NON_LITERAL_NULL_CONVERSION = YES;
				CLANG_WARN_OBJC_IMPLICIT_RETAIN_SELF = YES;
				CLANG_WARN_OBJC_LITERAL_CONVERSION = YES;
				CLANG_WARN_OBJC_ROOT_CLASS = YES_ERROR;
				CLANG_WARN_QUOTED_INCLUDE_IN_FRAMEWORK_HEADER = YES;
				CLANG_WARN_RANGE_LOOP_ANALYSIS = YES;
				CLANG_WARN_STRICT_PROTOTYPES = YES;
				CLANG_WARN_SUSPICIOUS_MOVE = YES;
				CLANG_WARN_UNGUARDED_AVAILABILITY = YES_AGGRESSIVE;
				CLANG_WARN_UNREACHABLE_CODE = YES;
				CLANG_WARN__DUPLICATE_METHOD_MATCH = YES;
				COPY_PHASE_STRIP = NO;
				DEBUG_INFORMATION_FORMAT = dwarf;
				ENABLE_STRICT_OBJC_MSGSEND = YES;
				ENABLE_TESTABILITY = YES;
				GCC_C_LANGUAGE_STANDARD = gnu11;
				GCC_DYNAMIC_NO_PIC = NO;
				GCC_NO_COMMON_BLOCKS = YES;
				GCC_OPTIMIZATION_LEVEL = 0;
				GCC_PREPROCESSOR_DEFINITIONS = (
					"DEBUG=1",
					"$(inherited)",
				);
				GCC_WARN_64_TO_32_BIT_CONVERSION = YES;
				GCC_WARN_ABOUT_RETURN_TYPE = YES_ERROR;
				GCC_WARN_UNDECLARED_SELECTOR = YES;
				GCC_WARN_UNINITIALIZED_AUTOS = YES_AGGRESSIVE;
				GCC_WARN_UNUSED_FUNCTION = YES;
				GCC_WARN_UNUSED_VARIABLE = YES;
				IPHONEOS_DEPLOYMENT_TARGET = 15.5;
				MTL_ENABLE_DEBUG_INFO = INCLUDE_SOURCE;
				MTL_FAST_MATH = YES;
				ONLY_ACTIVE_ARCH = YES;
				SDKROOT = iphoneos;
				SWIFT_ACTIVE_COMPILATION_CONDITIONS = DEBUG;
				SWIFT_OPTIMIZATION_LEVEL = "-Onone";
			};
			name = Debug;
		};
		3B5398C128986CEF004FDDB3 /* Release */ = {
			isa = XCBuildConfiguration;
			buildSettings = {
				ALWAYS_SEARCH_USER_PATHS = NO;
				CLANG_ANALYZER_NONNULL = YES;
				CLANG_ANALYZER_NUMBER_OBJECT_CONVERSION = YES_AGGRESSIVE;
				CLANG_CXX_LANGUAGE_STANDARD = "gnu++17";
				CLANG_ENABLE_MODULES = YES;
				CLANG_ENABLE_OBJC_ARC = YES;
				CLANG_ENABLE_OBJC_WEAK = YES;
				CLANG_WARN_BLOCK_CAPTURE_AUTORELEASING = YES;
				CLANG_WARN_BOOL_CONVERSION = YES;
				CLANG_WARN_COMMA = YES;
				CLANG_WARN_CONSTANT_CONVERSION = YES;
				CLANG_WARN_DEPRECATED_OBJC_IMPLEMENTATIONS = YES;
				CLANG_WARN_DIRECT_OBJC_ISA_USAGE = YES_ERROR;
				CLANG_WARN_DOCUMENTATION_COMMENTS = YES;
				CLANG_WARN_EMPTY_BODY = YES;
				CLANG_WARN_ENUM_CONVERSION = YES;
				CLANG_WARN_INFINITE_RECURSION = YES;
				CLANG_WARN_INT_CONVERSION = YES;
				CLANG_WARN_NON_LITERAL_NULL_CONVERSION = YES;
				CLANG_WARN_OBJC_IMPLICIT_RETAIN_SELF = YES;
				CLANG_WARN_OBJC_LITERAL_CONVERSION = YES;
				CLANG_WARN_OBJC_ROOT_CLASS = YES_ERROR;
				CLANG_WARN_QUOTED_INCLUDE_IN_FRAMEWORK_HEADER = YES;
				CLANG_WARN_RANGE_LOOP_ANALYSIS = YES;
				CLANG_WARN_STRICT_PROTOTYPES = YES;
				CLANG_WARN_SUSPICIOUS_MOVE = YES;
				CLANG_WARN_UNGUARDED_AVAILABILITY = YES_AGGRESSIVE;
				CLANG_WARN_UNREACHABLE_CODE = YES;
				CLANG_WARN__DUPLICATE_METHOD_MATCH = YES;
				COPY_PHASE_STRIP = NO;
				DEBUG_INFORMATION_FORMAT = "dwarf-with-dsym";
				ENABLE_NS_ASSERTIONS = NO;
				ENABLE_STRICT_OBJC_MSGSEND = YES;
				GCC_C_LANGUAGE_STANDARD = gnu11;
				GCC_NO_COMMON_BLOCKS = YES;
				GCC_WARN_64_TO_32_BIT_CONVERSION = YES;
				GCC_WARN_ABOUT_RETURN_TYPE = YES_ERROR;
				GCC_WARN_UNDECLARED_SELECTOR = YES;
				GCC_WARN_UNINITIALIZED_AUTOS = YES_AGGRESSIVE;
				GCC_WARN_UNUSED_FUNCTION = YES;
				GCC_WARN_UNUSED_VARIABLE = YES;
				IPHONEOS_DEPLOYMENT_TARGET = 15.5;
				MTL_ENABLE_DEBUG_INFO = NO;
				MTL_FAST_MATH = YES;
				SDKROOT = iphoneos;
				SWIFT_COMPILATION_MODE = wholemodule;
				SWIFT_OPTIMIZATION_LEVEL = "-O";
				VALIDATE_PRODUCT = YES;
			};
			name = Release;
		};
		3B5398C328986CEF004FDDB3 /* Debug */ = {
			isa = XCBuildConfiguration;
			buildSettings = {
				ASSETCATALOG_COMPILER_APPICON_NAME = AppIcon;
				ASSETCATALOG_COMPILER_GLOBAL_ACCENT_COLOR_NAME = AccentColor;
				CODE_SIGN_STYLE = Automatic;
				CURRENT_PROJECT_VERSION = 1;
				DEVELOPMENT_ASSET_PATHS = "\"MyFinanceApp/Preview Content\"";
				DEVELOPMENT_TEAM = 38LNW2M49P;
				ENABLE_PREVIEWS = YES;
				GENERATE_INFOPLIST_FILE = YES;
				INFOPLIST_KEY_UIApplicationSceneManifest_Generation = YES;
				INFOPLIST_KEY_UIApplicationSupportsIndirectInputEvents = YES;
				INFOPLIST_KEY_UILaunchScreen_Generation = YES;
				INFOPLIST_KEY_UISupportedInterfaceOrientations_iPad = "UIInterfaceOrientationPortrait UIInterfaceOrientationPortraitUpsideDown UIInterfaceOrientationLandscapeLeft UIInterfaceOrientationLandscapeRight";
				INFOPLIST_KEY_UISupportedInterfaceOrientations_iPhone = "UIInterfaceOrientationPortrait UIInterfaceOrientationLandscapeLeft UIInterfaceOrientationLandscapeRight";
				LD_RUNPATH_SEARCH_PATHS = (
					"$(inherited)",
					"@executable_path/Frameworks",
				);
				MARKETING_VERSION = 1.0;
				PRODUCT_BUNDLE_IDENTIFIER = com.jlsoft.testApp.MyFinanceApp;
				PRODUCT_NAME = "$(TARGET_NAME)";
				SWIFT_EMIT_LOC_STRINGS = YES;
				SWIFT_VERSION = 5.0;
				TARGETED_DEVICE_FAMILY = "1,2";
			};
			name = Debug;
		};
		3B5398C428986CEF004FDDB3 /* Release */ = {
			isa = XCBuildConfiguration;
			buildSettings = {
				ASSETCATALOG_COMPILER_APPICON_NAME = AppIcon;
				ASSETCATALOG_COMPILER_GLOBAL_ACCENT_COLOR_NAME = AccentColor;
				CODE_SIGN_STYLE = Automatic;
				CURRENT_PROJECT_VERSION = 1;
				DEVELOPMENT_ASSET_PATHS = "\"MyFinanceApp/Preview Content\"";
				DEVELOPMENT_TEAM = 38LNW2M49P;
				ENABLE_PREVIEWS = YES;
				GENERATE_INFOPLIST_FILE = YES;
				INFOPLIST_KEY_UIApplicationSceneManifest_Generation = YES;
				INFOPLIST_KEY_UIApplicationSupportsIndirectInputEvents = YES;
				INFOPLIST_KEY_UILaunchScreen_Generation = YES;
				INFOPLIST_KEY_UISupportedInterfaceOrientations_iPad = "UIInterfaceOrientationPortrait UIInterfaceOrientationPortraitUpsideDown UIInterfaceOrientationLandscapeLeft UIInterfaceOrientationLandscapeRight";
				INFOPLIST_KEY_UISupportedInterfaceOrientations_iPhone = "UIInterfaceOrientationPortrait UIInterfaceOrientationLandscapeLeft UIInterfaceOrientationLandscapeRight";
				LD_RUNPATH_SEARCH_PATHS = (
					"$(inherited)",
					"@executable_path/Frameworks",
				);
				MARKETING_VERSION = 1.0;
				PRODUCT_BUNDLE_IDENTIFIER = com.jlsoft.testApp.MyFinanceApp;
				PRODUCT_NAME = "$(TARGET_NAME)";
				SWIFT_EMIT_LOC_STRINGS = YES;
				SWIFT_VERSION = 5.0;
				TARGETED_DEVICE_FAMILY = "1,2";
			};
			name = Release;
		};
/* End XCBuildConfiguration section */

/* Begin XCConfigurationList section */
		3B5398AA28986CEC004FDDB3 /* Build configuration list for PBXProject "MyFinanceApp" */ = {
			isa = XCConfigurationList;
			buildConfigurations = (
				3B5398C028986CEF004FDDB3 /* Debug */,
				3B5398C128986CEF004FDDB3 /* Release */,
			);
			defaultConfigurationIsVisible = 0;
			defaultConfigurationName = Release;
		};
		3B5398C228986CEF004FDDB3 /* Build configuration list for PBXNativeTarget "MyFinanceApp" */ = {
			isa = XCConfigurationList;
			buildConfigurations = (
				3B5398C328986CEF004FDDB3 /* Debug */,
				3B5398C428986CEF004FDDB3 /* Release */,
			);
			defaultConfigurationIsVisible = 0;
			defaultConfigurationName = Release;
		};
/* End XCConfigurationList section */

/* Begin XCRemoteSwiftPackageReference section */
		3B5398CF289878A9004FDDB3 /* XCRemoteSwiftPackageReference "SwiftUIFontIcon" */ = {
			isa = XCRemoteSwiftPackageReference;
			repositoryURL = "https://github.com/huybuidac/SwiftUIFontIcon";
			requirement = {
				branch = master;
				kind = branch;
			};
		};
		3BC3E8A3289C6659007057CF /* XCRemoteSwiftPackageReference "swift-collections" */ = {
			isa = XCRemoteSwiftPackageReference;
			repositoryURL = "https://github.com/apple/swift-collections.git";
			requirement = {
				kind = upToNextMajorVersion;
				minimumVersion = 1.0.2;
			};
		};
/* End XCRemoteSwiftPackageReference section */

/* Begin XCSwiftPackageProductDependency section */
		3B5398D0289878A9004FDDB3 /* SwiftUIFontIcon */ = {
			isa = XCSwiftPackageProductDependency;
			package = 3B5398CF289878A9004FDDB3 /* XCRemoteSwiftPackageReference "SwiftUIFontIcon" */;
			productName = SwiftUIFontIcon;
		};
		3BC3E8A4289C6659007057CF /* Collections */ = {
			isa = XCSwiftPackageProductDependency;
			package = 3BC3E8A3289C6659007057CF /* XCRemoteSwiftPackageReference "swift-collections" */;
			productName = Collections;
		};
		3BC3E8A6289C6659007057CF /* DequeModule */ = {
			isa = XCSwiftPackageProductDependency;
			package = 3BC3E8A3289C6659007057CF /* XCRemoteSwiftPackageReference "swift-collections" */;
			productName = DequeModule;
		};
		3BC3E8A8289C6659007057CF /* OrderedCollections */ = {
			isa = XCSwiftPackageProductDependency;
			package = 3BC3E8A3289C6659007057CF /* XCRemoteSwiftPackageReference "swift-collections" */;
			productName = OrderedCollections;
		};
/* End XCSwiftPackageProductDependency section */

/* Begin XCVersionGroup section */
		3B5398BD28986CEF004FDDB3 /* MyFinanceApp.xcdatamodeld */ = {
			isa = XCVersionGroup;
			children = (
				3B5398BE28986CEF004FDDB3 /* MyFinanceApp.xcdatamodel */,
			);
			currentVersion = 3B5398BE28986CEF004FDDB3 /* MyFinanceApp.xcdatamodel */;
			path = MyFinanceApp.xcdatamodeld;
			sourceTree = "<group>";
			versionGroupType = wrapper.xcdatamodel;
		};
/* End XCVersionGroup section */
	};
	rootObject = 3B5398A728986CEC004FDDB3 /* Project object */;
}
